{
  "nodes": {
    "alire-community-index": {
      "flake": false,
      "locked": {
        "lastModified": 1749722259,
        "narHash": "sha256-UW492D5b5c0LYP7m2uxYKtkHIrqDCdnB5seo6ZVW8BU=",
        "owner": "alire-project",
        "repo": "alire-index",
        "rev": "c8f57b57d7d2833c1e499a35f060faf7f44e3530",
        "type": "github"
      },
      "original": {
        "owner": "alire-project",
        "repo": "alire-index",
        "type": "github"
      }
    },
    "alirenix": {
      "inputs": {
        "alire-community-index": "alire-community-index",
        "nixpkgs": "nixpkgs_3"
      },
      "locked": {
        "lastModified": 1750543217,
        "narHash": "sha256-WSbTU3W1/J25x1fwZb0ad26wqJm+0T93woml3CrKlN0=",
        "owner": "atalii",
        "repo": "alirenix",
        "rev": "40a588610c171b76ad0db028b339f6edd89a3ca3",
        "type": "github"
      },
      "original": {
        "owner": "atalii",
        "repo": "alirenix",
        "type": "github"
      }
    },
    "cabinet": {
      "inputs": {
        "nixpkgs": [
          "nixpkgs"
        ]
      },
      "locked": {
        "lastModified": 1779045594,
        "narHash": "sha256-VavCyuVIMRI9PzTx5ajXpvYmlrA1AC5EkidZY0L52Zc=",
        "owner": "atalii",
        "repo": "cabinet",
        "rev": "5a895a4eae11db96a096dc5cbc0b8b808bb80a6e",
        "type": "github"
      },
      "original": {
        "owner": "atalii",
        "repo": "cabinet",
        "type": "github"
      }
    },
    "home-manager": {
      "inputs": {
        "nixpkgs": [
          "nixpkgs"
        ]
      },
      "locked": {
        "lastModified": 1779506708,
        "narHash": "sha256-QOD/CNm196nCJRheux/URi4/HE66fthdOMqCJoPP1Y0=",
        "owner": "nix-community",
        "repo": "home-manager",
        "rev": "3ee51fbdac8c8bdfe1e7e1fcaba6520a563f394f",
        "type": "github"
      },
      "original": {
        "owner": "nix-community",
        "ref": "release-25.11",
        "repo": "home-manager",
        "type": "github"
      }
    },
    "nixos-hardware": {
      "inputs": {
        "nixpkgs": "nixpkgs"
      },
      "locked": {
        "lastModified": 1780065812,
        "narHash": "sha256-SCSLUKBmwlSLGQ8Xbr8PjRFtiHNk0l9ktqkcmqdBkfE=",
        "owner": "nixos",
        "repo": "nixos-hardware",
        "rev": "b76b5639c0593e0aeb0b5879ad62d4b30596c144",
        "type": "github"
      },
      "original": {
        "owner": "nixos",
        "repo": "nixos-hardware",
        "type": "github"
      }
    },
    "nixpkgs": {
      "locked": {
        "lastModified": 1767892417,
        "narHash": "sha256-8bW3q88CEg2u4hSP66Vf4lpbLonHz7hqDNBMcCY7E9U=",
        "rev": "3497aa5c9457a9d88d71fa93a4a8368816fbeeba",
        "type": "tarball",
        "url": "https://releases.nixos.org/nixos/unstable/nixos-26.05pre924538.3497aa5c9457/nixexprs.tar.xz"
      },
      "original": {
        "type": "tarball",
        "url": "https://channels.nixos.org/nixos-unstable/nixexprs.tar.xz"
      }
    },
    "nixpkgs_2": {
      "locked": {
        "lastModified": 1779796641,
        "narHash": "sha256-ZsIrKmhp4vbBXoXXmR/tBXA/UCsAQiJL9vsgZEduhVY=",
        "owner": "nixos",
        "repo": "nixpkgs",
        "rev": "25f538306313eae3927264466c70d7001dcea1df",
        "type": "github"
      },
      "original": {
        "owner": "nixos",
        "ref": "nixos-25.11",
        "repo": "nixpkgs",
        "type": "github"
      }
    },
    "nixpkgs_3": {
      "locked": {
        "lastModified": 1750357780,
        "narHash": "sha256-vQs+gk0RkSJdwtfed94L4YnwMOygAKzUhb9IPGVI00w=",
        "owner": "nixos",
        "repo": "nixpkgs",
        "rev": "b530547768e52213fd7a2c8c6d46c682945f390b",
        "type": "github"
      },
      "original": {
        "owner": "nixos",
        "ref": "release-25.05",
        "repo": "nixpkgs",
        "type": "github"
      }
    },
    "passel": {
      "inputs": {
        "alirenix": "alirenix",
        "nixpkgs": [
          "nixpkgs"
        ]
      },
      "locked": {
        "lastModified": 1778956974,
        "narHash": "sha256-IgCxFY//D0WPZuq3BN3aaeYxt7npeFyPyPqtr6cutN8=",
        "owner": "atalii",
        "repo": "passel",
        "rev": "30aa09465873ea53bc2064ef013926c953215d9f",
        "type": "github"
      },
      "original": {
        "owner": "atalii",
        "repo": "passel",
        "type": "github"
      }
    },
    "rmd": {
      "inputs": {
        "nixpkgs": [
          "nixpkgs"
        ]
      },
      "locked": {
        "lastModified": 1778955012,
        "narHash": "sha256-uQqpt/7OsTMJL1k5SBi+wPQnRRTEN8uR6LFo/Lr5H38=",
        "owner": "atalii",
        "repo": "rmd",
        "rev": "164a2c802e91c62936da8e2bfa276d80f4c7aa24",
        "type": "github"
      },
      "original": {
        "owner": "atalii",
        "repo": "rmd",
        "type": "github"
      }
    },
    "root": {
      "inputs": {
        "cabinet": "cabinet",
        "home-manager": "home-manager",
        "nixos-hardware": "nixos-hardware",
        "nixpkgs": "nixpkgs_2",
        "passel": "passel",
        "rmd": "rmd"
      }
    }
  },
  "root": "root",
  "version": 7
}
