{
  "nodes": {
    "alire-community-index": {
      "flake": false,
      "locked": {
        "lastModified": 1749722259,
        "narHash": "sha256-UW492D5b5c0LYP7m2uxYKtkHIrqDCdnB5seo6ZVW8BU=",
        "owner": "alire-project",
        "repo": "alire-index",
        "rev": "c8f57b57d7d2833c1e499a35f060faf7f44e3530",
        "type": "github"
      },
      "original": {
        "owner": "alire-project",
        "repo": "alire-index",
        "type": "github"
      }
    },
    "alirenix": {
      "inputs": {
        "alire-community-index": "alire-community-index",
        "nixpkgs": "nixpkgs_2"
      },
      "locked": {
        "lastModified": 1750543217,
        "narHash": "sha256-WSbTU3W1/J25x1fwZb0ad26wqJm+0T93woml3CrKlN0=",
        "owner": "atalii",
        "repo": "alirenix",
        "rev": "40a588610c171b76ad0db028b339f6edd89a3ca3",
        "type": "github"
      },
      "original": {
        "owner": "atalii",
        "repo": "alirenix",
        "type": "github"
      }
    },
    "cabinet": {
      "inputs": {
        "nixpkgs": [
          "nixpkgs"
        ]
      },
      "locked": {
        "lastModified": 1770943257,
        "narHash": "sha256-kwS1W5UihEdo5NjIyw4FuYTsHunbZpH96KyIw4XFqgI=",
        "owner": "atalii",
        "repo": "cabinet",
        "rev": "45938a21904e8ce6728f6e2c5afcebf15e9b1cb9",
        "type": "github"
      },
      "original": {
        "owner": "atalii",
        "repo": "cabinet",
        "type": "github"
      }
    },
    "home-manager": {
      "inputs": {
        "nixpkgs": [
          "nixpkgs"
        ]
      },
      "locked": {
        "lastModified": 1770260404,
        "narHash": "sha256-3iVX1+7YUIt23hBx1WZsUllhbmP2EnXrV8tCRbLxHc8=",
        "owner": "nix-community",
        "repo": "home-manager",
        "rev": "0d782ee42c86b196acff08acfbf41bb7d13eed5b",
        "type": "github"
      },
      "original": {
        "owner": "nix-community",
        "ref": "release-25.11",
        "repo": "home-manager",
        "type": "github"
      }
    },
    "nixos-hardware": {
      "locked": {
        "lastModified": 1770882871,
        "narHash": "sha256-nw5g+xl3veea+maxJ2/81tMEA/rPq9aF1H5XF35X+OE=",
        "owner": "nixos",
        "repo": "nixos-hardware",
        "rev": "af04cb78aa85b2a4d1c15fc7270347e0d0eda97b",
        "type": "github"
      },
      "original": {
        "owner": "nixos",
        "repo": "nixos-hardware",
        "type": "github"
      }
    },
    "nixpkgs": {
      "locked": {
        "lastModified": 1770770419,
        "narHash": "sha256-iKZMkr6Cm9JzWlRYW/VPoL0A9jVKtZYiU4zSrVeetIs=",
        "owner": "nixos",
        "repo": "nixpkgs",
        "rev": "6c5e707c6b5339359a9a9e215c5e66d6d802fd7a",
        "type": "github"
      },
      "original": {
        "owner": "nixos",
        "ref": "nixos-25.11",
        "repo": "nixpkgs",
        "type": "github"
      }
    },
    "nixpkgs_2": {
      "locked": {
        "lastModified": 1750357780,
        "narHash": "sha256-vQs+gk0RkSJdwtfed94L4YnwMOygAKzUhb9IPGVI00w=",
        "owner": "nixos",
        "repo": "nixpkgs",
        "rev": "b530547768e52213fd7a2c8c6d46c682945f390b",
        "type": "github"
      },
      "original": {
        "owner": "nixos",
        "ref": "release-25.05",
        "repo": "nixpkgs",
        "type": "github"
      }
    },
    "passel": {
      "inputs": {
        "alirenix": "alirenix",
        "nixpkgs": [
          "nixpkgs"
        ]
      },
      "locked": {
        "lastModified": 1765494046,
        "narHash": "sha256-VNukYC/9Bhegh+Cri8mJX0PvtOmqQQl8x3ShInMP+5M=",
        "owner": "atalii",
        "repo": "passel",
        "rev": "6946f981ed0c425df3aacec1d7aab7c0f96ed70a",
        "type": "github"
      },
      "original": {
        "owner": "atalii",
        "repo": "passel",
        "type": "github"
      }
    },
    "root": {
      "inputs": {
        "cabinet": "cabinet",
        "home-manager": "home-manager",
        "nixos-hardware": "nixos-hardware",
        "nixpkgs": "nixpkgs",
        "passel": "passel"
      }
    }
  },
  "root": "root",
  "version": 7
}
